
Microsoft Visual Studio Solution File, Format Version 12.00
# Visual Studio Version 16
VisualStudioVersion = 16.0.28729.10
MinimumVisualStudioVersion = 10.0.40219.1
Project("{FAE04EC0-301F-11D3-BF4B-00C04F79EFBC}") = "WreckingBall", "WreckingBall.csproj", "{23327B21-BC82-41B3-91AB-519427DB22BA}"
EndProject
Global
	GlobalSection(SolutionConfigurationPlatforms) = preSolution
		Debug|Any CPU = Debug|Any CPU
		Release|Any CPU = Release|Any CPU
	EndGlobalSection
	GlobalSection(ProjectConfigurationPlatforms) = postSolution
		{23327B21-BC82-41B3-91AB-519427DB22BA}.Debug|Any CPU.ActiveCfg = Debug|Any CPU
		{23327B21-BC82-41B3-91AB-519427DB22BA}.Debug|Any CPU.Build.0 = Debug|Any CPU
		{23327B21-BC82-41B3-91AB-519427DB22BA}.Release|Any CPU.ActiveCfg = Release|Any CPU
		{23327B21-BC82-41B3-91AB-519427DB22BA}.Release|Any CPU.Build.0 = Release|Any CPU
	EndGlobalSection
	GlobalSection(SolutionProperties) = preSolution
		HideSolutionNode = FALSE
	EndGlobalSection
	GlobalSection(ExtensibilityGlobals) = postSolution
		SolutionGuid = {87DC12E1-68F8-4125-9A9A-1AADA61BF71F}
	EndGlobalSection
EndGlobal
